// !$*UTF8*$!
{
	archiveVersion = 1;
	classes = {
	};
	objectVersion = 55;
	objects = {

/* Begin PBXBuildFile section */
		491DB14A29241534009FAE22 /* ProfileViewController.swift in Sources */ = {isa = PBXBuildFile; fileRef = 491DB14929241534009FAE22 /* ProfileViewController.swift */; };
		492AFD292912A5B4003120FC /* SearchViewController.swift in Sources */ = {isa = PBXBuildFile; fileRef = 492AFD282912A5B4003120FC /* SearchViewController.swift */; };
		492AFD2B2912B73C003120FC /* SearchTableViewCell.swift in Sources */ = {isa = PBXBuildFile; fileRef = 492AFD2A2912B73C003120FC /* SearchTableViewCell.swift */; };
		492DDFAA28F3A633009FECDD /* ChatRoomsViewController.swift in Sources */ = {isa = PBXBuildFile; fileRef = 492DDFA928F3A633009FECDD /* ChatRoomsViewController.swift */; };
		492DDFAC28F3A9EF009FECDD /* CreateChatViewController.swift in Sources */ = {isa = PBXBuildFile; fileRef = 492DDFAB28F3A9EF009FECDD /* CreateChatViewController.swift */; };
		492DDFAE28F3AC70009FECDD /* Room.swift in Sources */ = {isa = PBXBuildFile; fileRef = 492DDFAD28F3AC70009FECDD /* Room.swift */; };
		492DDFB028F3CC5E009FECDD /* ChatRoomViewController.swift in Sources */ = {isa = PBXBuildFile; fileRef = 492DDFAF28F3CC5E009FECDD /* ChatRoomViewController.swift */; };
		4934B7FA293005EA00BC38CD /* HomeViewController.swift in Sources */ = {isa = PBXBuildFile; fileRef = 4934B7F9293005EA00BC38CD /* HomeViewController.swift */; };
		4934B7FC2930063200BC38CD /* PostCell.swift in Sources */ = {isa = PBXBuildFile; fileRef = 4934B7FB2930063200BC38CD /* PostCell.swift */; };
		4934B7FE293006EE00BC38CD /* CreatePostViewController.swift in Sources */ = {isa = PBXBuildFile; fileRef = 4934B7FD293006EE00BC38CD /* CreatePostViewController.swift */; };
		49386111293A9FB3001E2688 /* FavoriteShowsCell.swift in Sources */ = {isa = PBXBuildFile; fileRef = 49386110293A9FB3001E2688 /* FavoriteShowsCell.swift */; };
		49386114293AABCE001E2688 /* FavoriteMangaCell.swift in Sources */ = {isa = PBXBuildFile; fileRef = 49386113293AABCE001E2688 /* FavoriteMangaCell.swift */; };
		493C5B0229346C8100208F55 /* PostViewController.swift in Sources */ = {isa = PBXBuildFile; fileRef = 493C5B0129346C8100208F55 /* PostViewController.swift */; };
		4945C8992908555200FB674C /* TopShowCell.swift in Sources */ = {isa = PBXBuildFile; fileRef = 4945C8982908555200FB674C /* TopShowCell.swift */; };
		494EDFA629316EC80070101E /* Post.swift in Sources */ = {isa = PBXBuildFile; fileRef = 494EDFA529316EC80070101E /* Post.swift */; };
		497074F828F4744B0098ED47 /* RoomCell.swift in Sources */ = {isa = PBXBuildFile; fileRef = 497074F728F4744A0098ED47 /* RoomCell.swift */; };
		49807973291ED9A300818858 /* NewsCell.swift in Sources */ = {isa = PBXBuildFile; fileRef = 49807972291ED9A300818858 /* NewsCell.swift */; };
		49807975291ED9B800818858 /* NewsViewController.swift in Sources */ = {isa = PBXBuildFile; fileRef = 49807974291ED9B800818858 /* NewsViewController.swift */; };
		499BCE4A29072AB40035BA71 /* AnimeViewController.swift in Sources */ = {isa = PBXBuildFile; fileRef = 499BCE4929072AB40035BA71 /* AnimeViewController.swift */; };
		499BCE4D29072D010035BA71 /* CurrentlyAiringShowCell.swift in Sources */ = {isa = PBXBuildFile; fileRef = 499BCE4C29072D010035BA71 /* CurrentlyAiringShowCell.swift */; };
		499BCE4F29072D3D0035BA71 /* AnimeDetailsViewController.swift in Sources */ = {isa = PBXBuildFile; fileRef = 499BCE4E29072D3D0035BA71 /* AnimeDetailsViewController.swift */; };
		499BCE5129077B650035BA71 /* UpcomingShowCell.swift in Sources */ = {isa = PBXBuildFile; fileRef = 499BCE5029077B650035BA71 /* UpcomingShowCell.swift */; };
		49A1B31828F79C75000E1DDF /* ChatCell.swift in Sources */ = {isa = PBXBuildFile; fileRef = 49A1B31728F79C74000E1DDF /* ChatCell.swift */; };
		49A1B31A28F7A11E000E1DDF /* Message.swift in Sources */ = {isa = PBXBuildFile; fileRef = 49A1B31928F7A11E000E1DDF /* Message.swift */; };
		49B0CCA1293671AC00306A3C /* CommentCell.swift in Sources */ = {isa = PBXBuildFile; fileRef = 49B0CCA0293671AC00306A3C /* CommentCell.swift */; };
		49B0CCA329369CF500306A3C /* Comment.swift in Sources */ = {isa = PBXBuildFile; fileRef = 49B0CCA229369CF500306A3C /* Comment.swift */; };
		49B8018E291F1D5600514B5C /* News.swift in Sources */ = {isa = PBXBuildFile; fileRef = 49B8018D291F1D5600514B5C /* News.swift */; };
		52B07654BF4FAACF6B9D3FA1 /* Pods_Sparkdev_Project.framework in Frameworks */ = {isa = PBXBuildFile; fileRef = F57CF43A70995262F1224578 /* Pods_Sparkdev_Project.framework */; };
		71491FF42928153400269EE9 /* SettingsViewController.swift in Sources */ = {isa = PBXBuildFile; fileRef = 71491FF32928153400269EE9 /* SettingsViewController.swift */; };
		714FF7E228FD9BE700401EF0 /* LoginsViewController.swift in Sources */ = {isa = PBXBuildFile; fileRef = 714FF7E128FD9BE700401EF0 /* LoginsViewController.swift */; };
		714FF7E428FF347000401EF0 /* LaunchViewController.swift in Sources */ = {isa = PBXBuildFile; fileRef = 714FF7E328FF347000401EF0 /* LaunchViewController.swift */; };
		BC5F6E8728E7341700A53C99 /* RegisterViewController.swift in Sources */ = {isa = PBXBuildFile; fileRef = BC5F6E8628E7341700A53C99 /* RegisterViewController.swift */; };
		BC7CF9C528DF7D740023768A /* AppDelegate.swift in Sources */ = {isa = PBXBuildFile; fileRef = BC7CF9C428DF7D740023768A /* AppDelegate.swift */; };
		BC7CF9C728DF7D740023768A /* SceneDelegate.swift in Sources */ = {isa = PBXBuildFile; fileRef = BC7CF9C628DF7D740023768A /* SceneDelegate.swift */; };
		BC7CF9CC28DF7D740023768A /* Main.storyboard in Resources */ = {isa = PBXBuildFile; fileRef = BC7CF9CA28DF7D740023768A /* Main.storyboard */; };
		BC7CF9CE28DF7D740023768A /* Assets.xcassets in Resources */ = {isa = PBXBuildFile; fileRef = BC7CF9CD28DF7D740023768A /* Assets.xcassets */; };
		BC7CF9D128DF7D740023768A /* LaunchScreen.storyboard in Resources */ = {isa = PBXBuildFile; fileRef = BC7CF9CF28DF7D740023768A /* LaunchScreen.storyboard */; };
		BCC3282328F4B7590055C1C7 /* GoogleService-Info.plist in Resources */ = {isa = PBXBuildFile; fileRef = BCC3282228F4B7590055C1C7 /* GoogleService-Info.plist */; };
		BCC7B77E28DFF182009439E2 /* CustomTabBarViewController.swift in Sources */ = {isa = PBXBuildFile; fileRef = BCC7B77D28DFF181009439E2 /* CustomTabBarViewController.swift */; };
/* End PBXBuildFile section */

/* Begin PBXFileReference section */
		491DB14929241534009FAE22 /* ProfileViewController.swift */ = {isa = PBXFileReference; lastKnownFileType = sourcecode.swift; path = ProfileViewController.swift; sourceTree = "<group>"; };
		492AFD282912A5B4003120FC /* SearchViewController.swift */ = {isa = PBXFileReference; lastKnownFileType = sourcecode.swift; path = SearchViewController.swift; sourceTree = "<group>"; };
		492AFD2A2912B73C003120FC /* SearchTableViewCell.swift */ = {isa = PBXFileReference; lastKnownFileType = sourcecode.swift; path = SearchTableViewCell.swift; sourceTree = "<group>"; };
		492DDFA928F3A633009FECDD /* ChatRoomsViewController.swift */ = {isa = PBXFileReference; lastKnownFileType = sourcecode.swift; path = ChatRoomsViewController.swift; sourceTree = "<group>"; };
		492DDFAB28F3A9EF009FECDD /* CreateChatViewController.swift */ = {isa = PBXFileReference; lastKnownFileType = sourcecode.swift; path = CreateChatViewController.swift; sourceTree = "<group>"; };
		492DDFAD28F3AC70009FECDD /* Room.swift */ = {isa = PBXFileReference; lastKnownFileType = sourcecode.swift; path = Room.swift; sourceTree = "<group>"; };
		492DDFAF28F3CC5E009FECDD /* ChatRoomViewController.swift */ = {isa = PBXFileReference; lastKnownFileType = sourcecode.swift; path = ChatRoomViewController.swift; sourceTree = "<group>"; };
		4934B7F9293005EA00BC38CD /* HomeViewController.swift */ = {isa = PBXFileReference; lastKnownFileType = sourcecode.swift; path = HomeViewController.swift; sourceTree = "<group>"; };
		4934B7FB2930063200BC38CD /* PostCell.swift */ = {isa = PBXFileReference; lastKnownFileType = sourcecode.swift; path = PostCell.swift; sourceTree = "<group>"; };
		4934B7FD293006EE00BC38CD /* CreatePostViewController.swift */ = {isa = PBXFileReference; lastKnownFileType = sourcecode.swift; path = CreatePostViewController.swift; sourceTree = "<group>"; };
		49386110293A9FB3001E2688 /* FavoriteShowsCell.swift */ = {isa = PBXFileReference; lastKnownFileType = sourcecode.swift; path = FavoriteShowsCell.swift; sourceTree = "<group>"; };
		49386113293AABCE001E2688 /* FavoriteMangaCell.swift */ = {isa = PBXFileReference; lastKnownFileType = sourcecode.swift; path = FavoriteMangaCell.swift; sourceTree = "<group>"; };
		493C5B0129346C8100208F55 /* PostViewController.swift */ = {isa = PBXFileReference; lastKnownFileType = sourcecode.swift; path = PostViewController.swift; sourceTree = "<group>"; };
		4945C8982908555200FB674C /* TopShowCell.swift */ = {isa = PBXFileReference; lastKnownFileType = sourcecode.swift; path = TopShowCell.swift; sourceTree = "<group>"; };
		494EDFA529316EC80070101E /* Post.swift */ = {isa = PBXFileReference; lastKnownFileType = sourcecode.swift; path = Post.swift; sourceTree = "<group>"; };
		497074F728F4744A0098ED47 /* RoomCell.swift */ = {isa = PBXFileReference; lastKnownFileType = sourcecode.swift; path = RoomCell.swift; sourceTree = "<group>"; };
		49807972291ED9A300818858 /* NewsCell.swift */ = {isa = PBXFileReference; fileEncoding = 4; lastKnownFileType = sourcecode.swift; path = NewsCell.swift; sourceTree = "<group>"; };
		49807974291ED9B800818858 /* NewsViewController.swift */ = {isa = PBXFileReference; fileEncoding = 4; lastKnownFileType = sourcecode.swift; path = NewsViewController.swift; sourceTree = "<group>"; };
		499BCE4929072AB40035BA71 /* AnimeViewController.swift */ = {isa = PBXFileReference; lastKnownFileType = sourcecode.swift; path = AnimeViewController.swift; sourceTree = "<group>"; };
		499BCE4C29072D010035BA71 /* CurrentlyAiringShowCell.swift */ = {isa = PBXFileReference; lastKnownFileType = sourcecode.swift; path = CurrentlyAiringShowCell.swift; sourceTree = "<group>"; };
		499BCE4E29072D3D0035BA71 /* AnimeDetailsViewController.swift */ = {isa = PBXFileReference; lastKnownFileType = sourcecode.swift; path = AnimeDetailsViewController.swift; sourceTree = "<group>"; };
		499BCE5029077B650035BA71 /* UpcomingShowCell.swift */ = {isa = PBXFileReference; lastKnownFileType = sourcecode.swift; path = UpcomingShowCell.swift; sourceTree = "<group>"; };
		49A1B31728F79C74000E1DDF /* ChatCell.swift */ = {isa = PBXFileReference; lastKnownFileType = sourcecode.swift; path = ChatCell.swift; sourceTree = "<group>"; };
		49A1B31928F7A11E000E1DDF /* Message.swift */ = {isa = PBXFileReference; lastKnownFileType = sourcecode.swift; path = Message.swift; sourceTree = "<group>"; };
		49B0CCA0293671AC00306A3C /* CommentCell.swift */ = {isa = PBXFileReference; lastKnownFileType = sourcecode.swift; path = CommentCell.swift; sourceTree = "<group>"; };
		49B0CCA229369CF500306A3C /* Comment.swift */ = {isa = PBXFileReference; lastKnownFileType = sourcecode.swift; path = Comment.swift; sourceTree = "<group>"; };
		49B8018D291F1D5600514B5C /* News.swift */ = {isa = PBXFileReference; lastKnownFileType = sourcecode.swift; path = News.swift; sourceTree = "<group>"; };
		71491FF32928153400269EE9 /* SettingsViewController.swift */ = {isa = PBXFileReference; lastKnownFileType = sourcecode.swift; path = SettingsViewController.swift; sourceTree = "<group>"; };
		714FF7E128FD9BE700401EF0 /* LoginsViewController.swift */ = {isa = PBXFileReference; lastKnownFileType = sourcecode.swift; path = LoginsViewController.swift; sourceTree = "<group>"; };
		714FF7E328FF347000401EF0 /* LaunchViewController.swift */ = {isa = PBXFileReference; lastKnownFileType = sourcecode.swift; path = LaunchViewController.swift; sourceTree = "<group>"; };
		94EB3D5CBF19B77CB25C345A /* Pods-Sparkdev-Project.release.xcconfig */ = {isa = PBXFileReference; includeInIndex = 1; lastKnownFileType = text.xcconfig; name = "Pods-Sparkdev-Project.release.xcconfig"; path = "Target Support Files/Pods-Sparkdev-Project/Pods-Sparkdev-Project.release.xcconfig"; sourceTree = "<group>"; };
		BC5F6E8628E7341700A53C99 /* RegisterViewController.swift */ = {isa = PBXFileReference; lastKnownFileType = sourcecode.swift; path = RegisterViewController.swift; sourceTree = "<group>"; };
		BC7CF9C128DF7D740023768A /* Sparkdev-Project.app */ = {isa = PBXFileReference; explicitFileType = wrapper.application; includeInIndex = 0; path = "Sparkdev-Project.app"; sourceTree = BUILT_PRODUCTS_DIR; };
		BC7CF9C428DF7D740023768A /* AppDelegate.swift */ = {isa = PBXFileReference; lastKnownFileType = sourcecode.swift; path = AppDelegate.swift; sourceTree = "<group>"; };
		BC7CF9C628DF7D740023768A /* SceneDelegate.swift */ = {isa = PBXFileReference; lastKnownFileType = sourcecode.swift; path = SceneDelegate.swift; sourceTree = "<group>"; };
		BC7CF9CB28DF7D740023768A /* Base */ = {isa = PBXFileReference; lastKnownFileType = file.storyboard; name = Base; path = Base.lproj/Main.storyboard; sourceTree = "<group>"; };
		BC7CF9CD28DF7D740023768A /* Assets.xcassets */ = {isa = PBXFileReference; lastKnownFileType = folder.assetcatalog; path = Assets.xcassets; sourceTree = "<group>"; };
		BC7CF9D028DF7D740023768A /* Base */ = {isa = PBXFileReference; lastKnownFileType = file.storyboard; name = Base; path = Base.lproj/LaunchScreen.storyboard; sourceTree = "<group>"; };
		BC7CF9D228DF7D740023768A /* Info.plist */ = {isa = PBXFileReference; lastKnownFileType = text.plist.xml; path = Info.plist; sourceTree = "<group>"; };
		BCC3282228F4B7590055C1C7 /* GoogleService-Info.plist */ = {isa = PBXFileReference; fileEncoding = 4; lastKnownFileType = text.plist.xml; path = "GoogleService-Info.plist"; sourceTree = "<group>"; };
		BCC7B77D28DFF181009439E2 /* CustomTabBarViewController.swift */ = {isa = PBXFileReference; lastKnownFileType = sourcecode.swift; path = CustomTabBarViewController.swift; sourceTree = "<group>"; };
		EAF65AA574383F61AFCE30DA /* Pods-Sparkdev-Project.debug.xcconfig */ = {isa = PBXFileReference; includeInIndex = 1; lastKnownFileType = text.xcconfig; name = "Pods-Sparkdev-Project.debug.xcconfig"; path = "Target Support Files/Pods-Sparkdev-Project/Pods-Sparkdev-Project.debug.xcconfig"; sourceTree = "<group>"; };
		F57CF43A70995262F1224578 /* Pods_Sparkdev_Project.framework */ = {isa = PBXFileReference; explicitFileType = wrapper.framework; includeInIndex = 0; path = Pods_Sparkdev_Project.framework; sourceTree = BUILT_PRODUCTS_DIR; };
/* End PBXFileReference section */

/* Begin PBXFrameworksBuildPhase section */
		BC7CF9BE28DF7D740023768A /* Frameworks */ = {
			isa = PBXFrameworksBuildPhase;
			buildActionMask = 2147483647;
			files = (
				52B07654BF4FAACF6B9D3FA1 /* Pods_Sparkdev_Project.framework in Frameworks */,
			);
			runOnlyForDeploymentPostprocessing = 0;
		};
/* End PBXFrameworksBuildPhase section */

/* Begin PBXGroup section */
		4925E7062932BA32004315E0 /* Profile */ = {
			isa = PBXGroup;
			children = (
				491DB14929241534009FAE22 /* ProfileViewController.swift */,
				71491FF32928153400269EE9 /* SettingsViewController.swift */,
			);
			path = Profile;
			sourceTree = "<group>";
		};
		4925E7072932BA71004315E0 /* Home */ = {
			isa = PBXGroup;
			children = (
				4934B7F9293005EA00BC38CD /* HomeViewController.swift */,
				4934B7FD293006EE00BC38CD /* CreatePostViewController.swift */,
				493C5B0129346C8100208F55 /* PostViewController.swift */,
			);
			path = Home;
			sourceTree = "<group>";
		};
		4925E7082932BA94004315E0 /* News */ = {
			isa = PBXGroup;
			children = (
				49807974291ED9B800818858 /* NewsViewController.swift */,
			);
			path = News;
			sourceTree = "<group>";
		};
		492B8C44290388DF003AB645 /* Controllers */ = {
			isa = PBXGroup;
			children = (
				714FF7E328FF347000401EF0 /* LaunchViewController.swift */,
				BCC7B77D28DFF181009439E2 /* CustomTabBarViewController.swift */,
				499BCE5229078F910035BA71 /* Authentication */,
				499BCE5429078FF50035BA71 /* Discover */,
				4925E7082932BA94004315E0 /* News */,
				4925E7072932BA71004315E0 /* Home */,
				499BCE5329078FC30035BA71 /* ChatRooms */,
				4925E7062932BA32004315E0 /* Profile */,
			);
			path = Controllers;
			sourceTree = "<group>";
		};
		492B8C4629038930003AB645 /* View */ = {
			isa = PBXGroup;
			children = (
				492B8C48290389BE003AB645 /* Storyboards */,
				499BCE552907903F0035BA71 /* Cells */,
			);
			path = View;
			sourceTree = "<group>";
		};
		492B8C4729038976003AB645 /* Model */ = {
			isa = PBXGroup;
			children = (
				492DDFAD28F3AC70009FECDD /* Room.swift */,
				49A1B31928F7A11E000E1DDF /* Message.swift */,
				49B8018D291F1D5600514B5C /* News.swift */,
				494EDFA529316EC80070101E /* Post.swift */,
				49B0CCA229369CF500306A3C /* Comment.swift */,
			);
			path = Model;
			sourceTree = "<group>";
		};
		492B8C48290389BE003AB645 /* Storyboards */ = {
			isa = PBXGroup;
			children = (
				BC7CF9CA28DF7D740023768A /* Main.storyboard */,
				BC7CF9CF28DF7D740023768A /* LaunchScreen.storyboard */,
			);
			path = Storyboards;
			sourceTree = "<group>";
		};
		499BCE5229078F910035BA71 /* Authentication */ = {
			isa = PBXGroup;
			children = (
				714FF7E128FD9BE700401EF0 /* LoginsViewController.swift */,
				BC5F6E8628E7341700A53C99 /* RegisterViewController.swift */,
			);
			path = Authentication;
			sourceTree = "<group>";
		};
		499BCE5329078FC30035BA71 /* ChatRooms */ = {
			isa = PBXGroup;
			children = (
				492DDFA928F3A633009FECDD /* ChatRoomsViewController.swift */,
				492DDFAB28F3A9EF009FECDD /* CreateChatViewController.swift */,
				492DDFAF28F3CC5E009FECDD /* ChatRoomViewController.swift */,
			);
			path = ChatRooms;
			sourceTree = "<group>";
		};
		499BCE5429078FF50035BA71 /* Discover */ = {
			isa = PBXGroup;
			children = (
				499BCE4929072AB40035BA71 /* AnimeViewController.swift */,
				499BCE4E29072D3D0035BA71 /* AnimeDetailsViewController.swift */,
				492AFD282912A5B4003120FC /* SearchViewController.swift */,
			);
			path = Discover;
			sourceTree = "<group>";
		};
		499BCE552907903F0035BA71 /* Cells */ = {
			isa = PBXGroup;
			children = (
				49807972291ED9A300818858 /* NewsCell.swift */,
				499BCE4C29072D010035BA71 /* CurrentlyAiringShowCell.swift */,
				499BCE5029077B650035BA71 /* UpcomingShowCell.swift */,
				4945C8982908555200FB674C /* TopShowCell.swift */,
				497074F728F4744A0098ED47 /* RoomCell.swift */,
				49A1B31728F79C74000E1DDF /* ChatCell.swift */,
				492AFD2A2912B73C003120FC /* SearchTableViewCell.swift */,
				4934B7FB2930063200BC38CD /* PostCell.swift */,
				49B0CCA0293671AC00306A3C /* CommentCell.swift */,
				49386110293A9FB3001E2688 /* FavoriteShowsCell.swift */,
				49386113293AABCE001E2688 /* FavoriteMangaCell.swift */,
			);
			path = Cells;
			sourceTree = "<group>";
		};
		6046AC83F914016AE4B82BEC /* Frameworks */ = {
			isa = PBXGroup;
			children = (
				F57CF43A70995262F1224578 /* Pods_Sparkdev_Project.framework */,
			);
			name = Frameworks;
			sourceTree = "<group>";
		};
		BC7CF9B828DF7D730023768A = {
			isa = PBXGroup;
			children = (
				BC7CF9C328DF7D740023768A /* Sparkdev-Project */,
				BC7CF9C228DF7D740023768A /* Products */,
				C6523B42AF563771FF2F5015 /* Pods */,
				6046AC83F914016AE4B82BEC /* Frameworks */,
			);
			sourceTree = "<group>";
		};
		BC7CF9C228DF7D740023768A /* Products */ = {
			isa = PBXGroup;
			children = (
				BC7CF9C128DF7D740023768A /* Sparkdev-Project.app */,
			);
			name = Products;
			sourceTree = "<group>";
		};
		BC7CF9C328DF7D740023768A /* Sparkdev-Project */ = {
			isa = PBXGroup;
			children = (
				492B8C4729038976003AB645 /* Model */,
				492B8C4629038930003AB645 /* View */,
				492B8C44290388DF003AB645 /* Controllers */,
				BC7CF9C428DF7D740023768A /* AppDelegate.swift */,
				BC7CF9C628DF7D740023768A /* SceneDelegate.swift */,
				BC7CF9CD28DF7D740023768A /* Assets.xcassets */,
				BC7CF9D228DF7D740023768A /* Info.plist */,
				BCC3282228F4B7590055C1C7 /* GoogleService-Info.plist */,
			);
			path = "Sparkdev-Project";
			sourceTree = "<group>";
		};
		C6523B42AF563771FF2F5015 /* Pods */ = {
			isa = PBXGroup;
			children = (
				EAF65AA574383F61AFCE30DA /* Pods-Sparkdev-Project.debug.xcconfig */,
				94EB3D5CBF19B77CB25C345A /* Pods-Sparkdev-Project.release.xcconfig */,
			);
			path = Pods;
			sourceTree = "<group>";
		};
/* End PBXGroup section */

/* Begin PBXNativeTarget section */
		BC7CF9C028DF7D740023768A /* Sparkdev-Project */ = {
			isa = PBXNativeTarget;
			buildConfigurationList = BC7CF9D528DF7D740023768A /* Build configuration list for PBXNativeTarget "Sparkdev-Project" */;
			buildPhases = (
				F25BFE2AAEFBDFCD98B48A42 /* [CP] Check Pods Manifest.lock */,
				BC7CF9BD28DF7D740023768A /* Sources */,
				BC7CF9BE28DF7D740023768A /* Frameworks */,
				BC7CF9BF28DF7D740023768A /* Resources */,
				50AB96B15813FBBEDAEE2E0C /* [CP] Embed Pods Frameworks */,
			);
			buildRules = (
			);
			dependencies = (
			);
			name = "Sparkdev-Project";
			productName = "Sparkdev-Project";
			productReference = BC7CF9C128DF7D740023768A /* Sparkdev-Project.app */;
			productType = "com.apple.product-type.application";
		};
/* End PBXNativeTarget section */

/* Begin PBXProject section */
		BC7CF9B928DF7D730023768A /* Project object */ = {
			isa = PBXProject;
			attributes = {
				BuildIndependentTargetsInParallel = 1;
				LastSwiftUpdateCheck = 1310;
				LastUpgradeCheck = 1310;
				TargetAttributes = {
					BC7CF9C028DF7D740023768A = {
						CreatedOnToolsVersion = 13.1;
					};
				};
			};
			buildConfigurationList = BC7CF9BC28DF7D730023768A /* Build configuration list for PBXProject "Sparkdev-Project" */;
			compatibilityVersion = "Xcode 13.0";
			developmentRegion = en;
			hasScannedForEncodings = 0;
			knownRegions = (
				en,
				Base,
			);
			mainGroup = BC7CF9B828DF7D730023768A;
			productRefGroup = BC7CF9C228DF7D740023768A /* Products */;
			projectDirPath = "";
			projectRoot = "";
			targets = (
				BC7CF9C028DF7D740023768A /* Sparkdev-Project */,
			);
		};
/* End PBXProject section */

/* Begin PBXResourcesBuildPhase section */
		BC7CF9BF28DF7D740023768A /* Resources */ = {
			isa = PBXResourcesBuildPhase;
			buildActionMask = 2147483647;
			files = (
				BC7CF9D128DF7D740023768A /* LaunchScreen.storyboard in Resources */,
				BCC3282328F4B7590055C1C7 /* GoogleService-Info.plist in Resources */,
				BC7CF9CE28DF7D740023768A /* Assets.xcassets in Resources */,
				BC7CF9CC28DF7D740023768A /* Main.storyboard in Resources */,
			);
			runOnlyForDeploymentPostprocessing = 0;
		};
/* End PBXResourcesBuildPhase section */

/* Begin PBXShellScriptBuildPhase section */
		50AB96B15813FBBEDAEE2E0C /* [CP] Embed Pods Frameworks */ = {
			isa = PBXShellScriptBuildPhase;
			buildActionMask = 2147483647;
			files = (
			);
			inputFileListPaths = (
				"${PODS_ROOT}/Target Support Files/Pods-Sparkdev-Project/Pods-Sparkdev-Project-frameworks-${CONFIGURATION}-input-files.xcfilelist",
			);
			name = "[CP] Embed Pods Frameworks";
			outputFileListPaths = (
				"${PODS_ROOT}/Target Support Files/Pods-Sparkdev-Project/Pods-Sparkdev-Project-frameworks-${CONFIGURATION}-output-files.xcfilelist",
			);
			runOnlyForDeploymentPostprocessing = 0;
			shellPath = /bin/sh;
			shellScript = "\"${PODS_ROOT}/Target Support Files/Pods-Sparkdev-Project/Pods-Sparkdev-Project-frameworks.sh\"\n";
			showEnvVarsInLog = 0;
		};
		F25BFE2AAEFBDFCD98B48A42 /* [CP] Check Pods Manifest.lock */ = {
			isa = PBXShellScriptBuildPhase;
			buildActionMask = 2147483647;
			files = (
			);
			inputFileListPaths = (
			);
			inputPaths = (
				"${PODS_PODFILE_DIR_PATH}/Podfile.lock",
				"${PODS_ROOT}/Manifest.lock",
			);
			name = "[CP] Check Pods Manifest.lock";
			outputFileListPaths = (
			);
			outputPaths = (
				"$(DERIVED_FILE_DIR)/Pods-Sparkdev-Project-checkManifestLockResult.txt",
			);
			runOnlyForDeploymentPostprocessing = 0;
			shellPath = /bin/sh;
			shellScript = "diff \"${PODS_PODFILE_DIR_PATH}/Podfile.lock\" \"${PODS_ROOT}/Manifest.lock\" > /dev/null\nif [ $? != 0 ] ; then\n    # print error to STDERR\n    echo \"error: The sandbox is not in sync with the Podfile.lock. Run 'pod install' or update your CocoaPods installation.\" >&2\n    exit 1\nfi\n# This output is used by Xcode 'outputs' to avoid re-running this script phase.\necho \"SUCCESS\" > \"${SCRIPT_OUTPUT_FILE_0}\"\n";
			showEnvVarsInLog = 0;
		};
/* End PBXShellScriptBuildPhase section */

/* Begin PBXSourcesBuildPhase section */
		BC7CF9BD28DF7D740023768A /* Sources */ = {
			isa = PBXSourcesBuildPhase;
			buildActionMask = 2147483647;
			files = (
				499BCE4A29072AB40035BA71 /* AnimeViewController.swift in Sources */,
				BC5F6E8728E7341700A53C99 /* RegisterViewController.swift in Sources */,
				49B8018E291F1D5600514B5C /* News.swift in Sources */,
				BC7CF9C528DF7D740023768A /* AppDelegate.swift in Sources */,
				49807973291ED9A300818858 /* NewsCell.swift in Sources */,
				4934B7FC2930063200BC38CD /* PostCell.swift in Sources */,
				492DDFAC28F3A9EF009FECDD /* CreateChatViewController.swift in Sources */,
				491DB14A29241534009FAE22 /* ProfileViewController.swift in Sources */,
				492AFD292912A5B4003120FC /* SearchViewController.swift in Sources */,
				49A1B31828F79C75000E1DDF /* ChatCell.swift in Sources */,
				492DDFAE28F3AC70009FECDD /* Room.swift in Sources */,
				497074F828F4744B0098ED47 /* RoomCell.swift in Sources */,
				4934B7FA293005EA00BC38CD /* HomeViewController.swift in Sources */,
				BCC7B77E28DFF182009439E2 /* CustomTabBarViewController.swift in Sources */,
				492AFD2B2912B73C003120FC /* SearchTableViewCell.swift in Sources */,
				714FF7E228FD9BE700401EF0 /* LoginsViewController.swift in Sources */,
				49A1B31A28F7A11E000E1DDF /* Message.swift in Sources */,
				492DDFB028F3CC5E009FECDD /* ChatRoomViewController.swift in Sources */,
				49386114293AABCE001E2688 /* FavoriteMangaCell.swift in Sources */,
				499BCE4F29072D3D0035BA71 /* AnimeDetailsViewController.swift in Sources */,
				49807975291ED9B800818858 /* NewsViewController.swift in Sources */,
				492DDFAA28F3A633009FECDD /* ChatRoomsViewController.swift in Sources */,
				BC7CF9C728DF7D740023768A /* SceneDelegate.swift in Sources */,
				494EDFA629316EC80070101E /* Post.swift in Sources */,
				4934B7FE293006EE00BC38CD /* CreatePostViewController.swift in Sources */,
				493C5B0229346C8100208F55 /* PostViewController.swift in Sources */,
				4945C8992908555200FB674C /* TopShowCell.swift in Sources */,
				499BCE4D29072D010035BA71 /* CurrentlyAiringShowCell.swift in Sources */,
				49B0CCA329369CF500306A3C /* Comment.swift in Sources */,
				49386111293A9FB3001E2688 /* FavoriteShowsCell.swift in Sources */,
				49B0CCA1293671AC00306A3C /* CommentCell.swift in Sources */,
				71491FF42928153400269EE9 /* SettingsViewController.swift in Sources */,
				714FF7E428FF347000401EF0 /* LaunchViewController.swift in Sources */,
				499BCE5129077B650035BA71 /* UpcomingShowCell.swift in Sources */,
			);
			runOnlyForDeploymentPostprocessing = 0;
		};
/* End PBXSourcesBuildPhase section */

/* Begin PBXVariantGroup section */
		BC7CF9CA28DF7D740023768A /* Main.storyboard */ = {
			isa = PBXVariantGroup;
			children = (
				BC7CF9CB28DF7D740023768A /* Base */,
			);
			name = Main.storyboard;
			sourceTree = "<group>";
		};
		BC7CF9CF28DF7D740023768A /* LaunchScreen.storyboard */ = {
			isa = PBXVariantGroup;
			children = (
				BC7CF9D028DF7D740023768A /* Base */,
			);
			name = LaunchScreen.storyboard;
			sourceTree = "<group>";
		};
/* End PBXVariantGroup section */

/* Begin XCBuildConfiguration section */
		BC7CF9D328DF7D740023768A /* Debug */ = {
			isa = XCBuildConfiguration;
			buildSettings = {
				ALWAYS_SEARCH_USER_PATHS = NO;
				CLANG_ANALYZER_NONNULL = YES;
				CLANG_ANALYZER_NUMBER_OBJECT_CONVERSION = YES_AGGRESSIVE;
				CLANG_CXX_LANGUAGE_STANDARD = "gnu++17";
				CLANG_CXX_LIBRARY = "libc++";
				CLANG_ENABLE_MODULES = YES;
				CLANG_ENABLE_OBJC_ARC = YES;
				CLANG_ENABLE_OBJC_WEAK = YES;
				CLANG_WARN_BLOCK_CAPTURE_AUTORELEASING = YES;
				CLANG_WARN_BOOL_CONVERSION = YES;
				CLANG_WARN_COMMA = YES;
				CLANG_WARN_CONSTANT_CONVERSION = YES;
				CLANG_WARN_DEPRECATED_OBJC_IMPLEMENTATIONS = YES;
				CLANG_WARN_DIRECT_OBJC_ISA_USAGE = YES_ERROR;
				CLANG_WARN_DOCUMENTATION_COMMENTS = YES;
				CLANG_WARN_EMPTY_BODY = YES;
				CLANG_WARN_ENUM_CONVERSION = YES;
				CLANG_WARN_INFINITE_RECURSION = YES;
				CLANG_WARN_INT_CONVERSION = YES;
				CLANG_WARN_NON_LITERAL_NULL_CONVERSION = YES;
				CLANG_WARN_OBJC_IMPLICIT_RETAIN_SELF = YES;
				CLANG_WARN_OBJC_LITERAL_CONVERSION = YES;
				CLANG_WARN_OBJC_ROOT_CLASS = YES_ERROR;
				CLANG_WARN_QUOTED_INCLUDE_IN_FRAMEWORK_HEADER = YES;
				CLANG_WARN_RANGE_LOOP_ANALYSIS = YES;
				CLANG_WARN_STRICT_PROTOTYPES = YES;
				CLANG_WARN_SUSPICIOUS_MOVE = YES;
				CLANG_WARN_UNGUARDED_AVAILABILITY = YES_AGGRESSIVE;
				CLANG_WARN_UNREACHABLE_CODE = YES;
				CLANG_WARN__DUPLICATE_METHOD_MATCH = YES;
				COPY_PHASE_STRIP = NO;
				DEBUG_INFORMATION_FORMAT = dwarf;
				ENABLE_STRICT_OBJC_MSGSEND = YES;
				ENABLE_TESTABILITY = YES;
				GCC_C_LANGUAGE_STANDARD = gnu11;
				GCC_DYNAMIC_NO_PIC = NO;
				GCC_NO_COMMON_BLOCKS = YES;
				GCC_OPTIMIZATION_LEVEL = 0;
				GCC_PREPROCESSOR_DEFINITIONS = (
					"DEBUG=1",
					"$(inherited)",
				);
				GCC_WARN_64_TO_32_BIT_CONVERSION = YES;
				GCC_WARN_ABOUT_RETURN_TYPE = YES_ERROR;
				GCC_WARN_UNDECLARED_SELECTOR = YES;
				GCC_WARN_UNINITIALIZED_AUTOS = YES_AGGRESSIVE;
				GCC_WARN_UNUSED_FUNCTION = YES;
				GCC_WARN_UNUSED_VARIABLE = YES;
				IPHONEOS_DEPLOYMENT_TARGET = 15.0;
				MTL_ENABLE_DEBUG_INFO = INCLUDE_SOURCE;
				MTL_FAST_MATH = YES;
				ONLY_ACTIVE_ARCH = YES;
				SDKROOT = iphoneos;
				SWIFT_ACTIVE_COMPILATION_CONDITIONS = DEBUG;
				SWIFT_OPTIMIZATION_LEVEL = "-Onone";
			};
			name = Debug;
		};
		BC7CF9D428DF7D740023768A /* Release */ = {
			isa = XCBuildConfiguration;
			buildSettings = {
				ALWAYS_SEARCH_USER_PATHS = NO;
				CLANG_ANALYZER_NONNULL = YES;
				CLANG_ANALYZER_NUMBER_OBJECT_CONVERSION = YES_AGGRESSIVE;
				CLANG_CXX_LANGUAGE_STANDARD = "gnu++17";
				CLANG_CXX_LIBRARY = "libc++";
				CLANG_ENABLE_MODULES = YES;
				CLANG_ENABLE_OBJC_ARC = YES;
				CLANG_ENABLE_OBJC_WEAK = YES;
				CLANG_WARN_BLOCK_CAPTURE_AUTORELEASING = YES;
				CLANG_WARN_BOOL_CONVERSION = YES;
				CLANG_WARN_COMMA = YES;
				CLANG_WARN_CONSTANT_CONVERSION = YES;
				CLANG_WARN_DEPRECATED_OBJC_IMPLEMENTATIONS = YES;
				CLANG_WARN_DIRECT_OBJC_ISA_USAGE = YES_ERROR;
				CLANG_WARN_DOCUMENTATION_COMMENTS = YES;
				CLANG_WARN_EMPTY_BODY = YES;
				CLANG_WARN_ENUM_CONVERSION = YES;
				CLANG_WARN_INFINITE_RECURSION = YES;
				CLANG_WARN_INT_CONVERSION = YES;
				CLANG_WARN_NON_LITERAL_NULL_CONVERSION = YES;
				CLANG_WARN_OBJC_IMPLICIT_RETAIN_SELF = YES;
				CLANG_WARN_OBJC_LITERAL_CONVERSION = YES;
				CLANG_WARN_OBJC_ROOT_CLASS = YES_ERROR;
				CLANG_WARN_QUOTED_INCLUDE_IN_FRAMEWORK_HEADER = YES;
				CLANG_WARN_RANGE_LOOP_ANALYSIS = YES;
				CLANG_WARN_STRICT_PROTOTYPES = YES;
				CLANG_WARN_SUSPICIOUS_MOVE = YES;
				CLANG_WARN_UNGUARDED_AVAILABILITY = YES_AGGRESSIVE;
				CLANG_WARN_UNREACHABLE_CODE = YES;
				CLANG_WARN__DUPLICATE_METHOD_MATCH = YES;
				COPY_PHASE_STRIP = NO;
				DEBUG_INFORMATION_FORMAT = "dwarf-with-dsym";
				ENABLE_NS_ASSERTIONS = NO;
				ENABLE_STRICT_OBJC_MSGSEND = YES;
				GCC_C_LANGUAGE_STANDARD = gnu11;
				GCC_NO_COMMON_BLOCKS = YES;
				GCC_WARN_64_TO_32_BIT_CONVERSION = YES;
				GCC_WARN_ABOUT_RETURN_TYPE = YES_ERROR;
				GCC_WARN_UNDECLARED_SELECTOR = YES;
				GCC_WARN_UNINITIALIZED_AUTOS = YES_AGGRESSIVE;
				GCC_WARN_UNUSED_FUNCTION = YES;
				GCC_WARN_UNUSED_VARIABLE = YES;
				IPHONEOS_DEPLOYMENT_TARGET = 15.0;
				MTL_ENABLE_DEBUG_INFO = NO;
				MTL_FAST_MATH = YES;
				SDKROOT = iphoneos;
				SWIFT_COMPILATION_MODE = wholemodule;
				SWIFT_OPTIMIZATION_LEVEL = "-O";
				VALIDATE_PRODUCT = YES;
			};
			name = Release;
		};
		BC7CF9D628DF7D740023768A /* Debug */ = {
			isa = XCBuildConfiguration;
			baseConfigurationReference = EAF65AA574383F61AFCE30DA /* Pods-Sparkdev-Project.debug.xcconfig */;
			buildSettings = {
				ASSETCATALOG_COMPILER_APPICON_NAME = AppIcon;
				ASSETCATALOG_COMPILER_GLOBAL_ACCENT_COLOR_NAME = AccentColor;
				CODE_SIGN_STYLE = Automatic;
				CURRENT_PROJECT_VERSION = 1;
				DEVELOPMENT_TEAM = FRA642M4ND;
				GENERATE_INFOPLIST_FILE = YES;
				INFOPLIST_FILE = "Sparkdev-Project/Info.plist";
				INFOPLIST_KEY_CFBundleDisplayName = AniMedia;
				INFOPLIST_KEY_LSApplicationCategoryType = "public.app-category.entertainment";
				INFOPLIST_KEY_UIApplicationSupportsIndirectInputEvents = YES;
				INFOPLIST_KEY_UILaunchStoryboardName = LaunchScreen;
				INFOPLIST_KEY_UIMainStoryboardFile = Main;
				INFOPLIST_KEY_UISupportedInterfaceOrientations_iPad = "UIInterfaceOrientationPortrait UIInterfaceOrientationPortraitUpsideDown UIInterfaceOrientationLandscapeLeft UIInterfaceOrientationLandscapeRight";
				INFOPLIST_KEY_UISupportedInterfaceOrientations_iPhone = "UIInterfaceOrientationPortrait UIInterfaceOrientationLandscapeLeft UIInterfaceOrientationLandscapeRight";
				LD_RUNPATH_SEARCH_PATHS = (
					"$(inherited)",
					"@executable_path/Frameworks",
				);
				MARKETING_VERSION = 1.0;
				PRODUCT_BUNDLE_IDENTIFIER = io.Sablan;
				PRODUCT_NAME = "$(TARGET_NAME)";
				SWIFT_EMIT_LOC_STRINGS = YES;
				SWIFT_VERSION = 5.0;
				TARGETED_DEVICE_FAMILY = "1,2";
			};
			name = Debug;
		};
		BC7CF9D728DF7D740023768A /* Release */ = {
			isa = XCBuildConfiguration;
			baseConfigurationReference = 94EB3D5CBF19B77CB25C345A /* Pods-Sparkdev-Project.release.xcconfig */;
			buildSettings = {
				ASSETCATALOG_COMPILER_APPICON_NAME = AppIcon;
				ASSETCATALOG_COMPILER_GLOBAL_ACCENT_COLOR_NAME = AccentColor;
				CODE_SIGN_STYLE = Automatic;
				CURRENT_PROJECT_VERSION = 1;
				DEVELOPMENT_TEAM = FRA642M4ND;
				GENERATE_INFOPLIST_FILE = YES;
				INFOPLIST_FILE = "Sparkdev-Project/Info.plist";
				INFOPLIST_KEY_CFBundleDisplayName = AniMedia;
				INFOPLIST_KEY_LSApplicationCategoryType = "public.app-category.entertainment";
				INFOPLIST_KEY_UIApplicationSupportsIndirectInputEvents = YES;
				INFOPLIST_KEY_UILaunchStoryboardName = LaunchScreen;
				INFOPLIST_KEY_UIMainStoryboardFile = Main;
				INFOPLIST_KEY_UISupportedInterfaceOrientations_iPad = "UIInterfaceOrientationPortrait UIInterfaceOrientationPortraitUpsideDown UIInterfaceOrientationLandscapeLeft UIInterfaceOrientationLandscapeRight";
				INFOPLIST_KEY_UISupportedInterfaceOrientations_iPhone = "UIInterfaceOrientationPortrait UIInterfaceOrientationLandscapeLeft UIInterfaceOrientationLandscapeRight";
				LD_RUNPATH_SEARCH_PATHS = (
					"$(inherited)",
					"@executable_path/Frameworks",
				);
				MARKETING_VERSION = 1.0;
				PRODUCT_BUNDLE_IDENTIFIER = "io.francis.Sparkdev-Project";
				PRODUCT_NAME = "$(TARGET_NAME)";
				SWIFT_EMIT_LOC_STRINGS = YES;
				SWIFT_VERSION = 5.0;
				TARGETED_DEVICE_FAMILY = "1,2";
			};
			name = Release;
		};
/* End XCBuildConfiguration section */

/* Begin XCConfigurationList section */
		BC7CF9BC28DF7D730023768A /* Build configuration list for PBXProject "Sparkdev-Project" */ = {
			isa = XCConfigurationList;
			buildConfigurations = (
				BC7CF9D328DF7D740023768A /* Debug */,
				BC7CF9D428DF7D740023768A /* Release */,
			);
			defaultConfigurationIsVisible = 0;
			defaultConfigurationName = Release;
		};
		BC7CF9D528DF7D740023768A /* Build configuration list for PBXNativeTarget "Sparkdev-Project" */ = {
			isa = XCConfigurationList;
			buildConfigurations = (
				BC7CF9D628DF7D740023768A /* Debug */,
				BC7CF9D728DF7D740023768A /* Release */,
			);
			defaultConfigurationIsVisible = 0;
			defaultConfigurationName = Release;
		};
/* End XCConfigurationList section */
	};
	rootObject = BC7CF9B928DF7D730023768A /* Project object */;
}
